
Microsoft Visual Studio Solution File, Format Version 11.00
# Visual Studio 2010
Project("{FAE04EC0-301F-11D3-BF4B-00C04F79EFBC}") = "Gatcha Chess", "Assembly-CSharp.csproj", "{F57A620C-5F13-069C-9333-A9B74FF57BDB}"
EndProject
Global
	GlobalSection(SolutionConfigurationPlatforms) = preSolution
		Debug|Any CPU = Debug|Any CPU
		Release|Any CPU = Release|Any CPU
	EndGlobalSection
	GlobalSection(ProjectConfigurationPlatforms) = postSolution
		{F57A620C-5F13-069C-9333-A9B74FF57BDB}.Debug|Any CPU.ActiveCfg = Debug|Any CPU
		{F57A620C-5F13-069C-9333-A9B74FF57BDB}.Debug|Any CPU.Build.0 = Debug|Any CPU
		{F57A620C-5F13-069C-9333-A9B74FF57BDB}.Release|Any CPU.ActiveCfg = Release|Any CPU
		{F57A620C-5F13-069C-9333-A9B74FF57BDB}.Release|Any CPU.Build.0 = Release|Any CPU
	EndGlobalSection
	GlobalSection(SolutionProperties) = preSolution
		HideSolutionNode = FALSE
	EndGlobalSection
	GlobalSection(MonoDevelopProperties) = preSolution
		StartupItem = Assembly-CSharp.csproj
	EndGlobalSection
EndGlobal
